// !$*UTF8*$!
{
	archiveVersion = 1;
	classes = {
	};
	objectVersion = 56;
	objects = {

/* Begin PBXBuildFile section */
		2F01803C2A12321F00B9ADA7 /* GraduationProjectApp.swift in Sources */ = {isa = PBXBuildFile; fileRef = 2F01803B2A12321F00B9ADA7 /* GraduationProjectApp.swift */; };
		2F01803E2A12321F00B9ADA7 /* ContentView.swift in Sources */ = {isa = PBXBuildFile; fileRef = 2F01803D2A12321F00B9ADA7 /* ContentView.swift */; };
		2F0180402A12322100B9ADA7 /* Assets.xcassets in Resources */ = {isa = PBXBuildFile; fileRef = 2F01803F2A12322100B9ADA7 /* Assets.xcassets */; };
		2F0180432A12322100B9ADA7 /* Preview Assets.xcassets in Resources */ = {isa = PBXBuildFile; fileRef = 2F0180422A12322100B9ADA7 /* Preview Assets.xcassets */; };
		2F313B142A1C5F9F00F3C008 /* Image.swift in Sources */ = {isa = PBXBuildFile; fileRef = 2F313B132A1C5F9F00F3C008 /* Image.swift */; };
		2F4104812A151070009DEA8A /* GoogleService-Info.plist in Resources */ = {isa = PBXBuildFile; fileRef = 2F4104802A151070009DEA8A /* GoogleService-Info.plist */; };
		2F4104842A15110B009DEA8A /* FirebaseAnalytics in Frameworks */ = {isa = PBXBuildFile; productRef = 2F4104832A15110B009DEA8A /* FirebaseAnalytics */; };
		2F4104862A15110B009DEA8A /* FirebaseFirestore in Frameworks */ = {isa = PBXBuildFile; productRef = 2F4104852A15110B009DEA8A /* FirebaseFirestore */; };
		2F4104882A15110B009DEA8A /* FirebaseStorage in Frameworks */ = {isa = PBXBuildFile; productRef = 2F4104872A15110B009DEA8A /* FirebaseStorage */; };
		2F41048B2A151282009DEA8A /* FirestoreService.swift in Sources */ = {isa = PBXBuildFile; fileRef = 2F41048A2A151282009DEA8A /* FirestoreService.swift */; };
		2F42E4C22AEE8AB20061CB44 /* PoseEstimationModel.mlmodel in Sources */ = {isa = PBXBuildFile; fileRef = 2F42E4C12AEE8AB20061CB44 /* PoseEstimationModel.mlmodel */; };
		2F42E4C52AEE8AC20061CB44 /* CGPoint+Extension.swift in Sources */ = {isa = PBXBuildFile; fileRef = 2F42E4C42AEE8AC20061CB44 /* CGPoint+Extension.swift */; };
		2F42E4C82AEE8AD60061CB44 /* PoseConstants.swift in Sources */ = {isa = PBXBuildFile; fileRef = 2F42E4C72AEE8AD60061CB44 /* PoseConstants.swift */; };
		2F42E4D42AEE8B0D0061CB44 /* CameraViewModel.swift in Sources */ = {isa = PBXBuildFile; fileRef = 2F42E4CB2AEE8B0D0061CB44 /* CameraViewModel.swift */; };
		2F42E4D62AEE8B0D0061CB44 /* DrawingJointView.swift in Sources */ = {isa = PBXBuildFile; fileRef = 2F42E4CF2AEE8B0D0061CB44 /* DrawingJointView.swift */; };
		2F42E4D72AEE8B0D0061CB44 /* PoseEstimationView.swift in Sources */ = {isa = PBXBuildFile; fileRef = 2F42E4D02AEE8B0D0061CB44 /* PoseEstimationView.swift */; };
		2F42E4D82AEE8B0D0061CB44 /* PoseView.swift in Sources */ = {isa = PBXBuildFile; fileRef = 2F42E4D12AEE8B0D0061CB44 /* PoseView.swift */; };
		2F42E4D92AEE8B0D0061CB44 /* CameraUIViewController.swift in Sources */ = {isa = PBXBuildFile; fileRef = 2F42E4D32AEE8B0D0061CB44 /* CameraUIViewController.swift */; };
		2F42E4DB2AEE8F780061CB44 /* MediaService.swift in Sources */ = {isa = PBXBuildFile; fileRef = 2F42E4DA2AEE8F780061CB44 /* MediaService.swift */; };
		2F42E4DE2AEE94B70061CB44 /* FirestoreServiceProtocol.swift in Sources */ = {isa = PBXBuildFile; fileRef = 2F42E4DD2AEE94B70061CB44 /* FirestoreServiceProtocol.swift */; };
		2F48A2922A1772B400F586DA /* FirestoreViewModel.swift in Sources */ = {isa = PBXBuildFile; fileRef = 2F48A2912A1772B400F586DA /* FirestoreViewModel.swift */; };
		2F75B1692A18A18F0024FCE9 /* MediaPicker.swift in Sources */ = {isa = PBXBuildFile; fileRef = 2F75B1682A18A18F0024FCE9 /* MediaPicker.swift */; };
		2F8BF9392AF162EB00D83090 /* FaceDetectionViewModel.swift in Sources */ = {isa = PBXBuildFile; fileRef = 2F8BF9382AF162EB00D83090 /* FaceDetectionViewModel.swift */; };
		2F8BF93D2AF1637B00D83090 /* FaceDetectionView.swift in Sources */ = {isa = PBXBuildFile; fileRef = 2F8BF93C2AF1637B00D83090 /* FaceDetectionView.swift */; };
		2F8BF9402AF17D1900D83090 /* CGRect+Extenstion.swift in Sources */ = {isa = PBXBuildFile; fileRef = 2F8BF93F2AF17D1900D83090 /* CGRect+Extenstion.swift */; };
		2F8BF9432AF221FE00D83090 /* FaceData.swift in Sources */ = {isa = PBXBuildFile; fileRef = 2F8BF9422AF221FE00D83090 /* FaceData.swift */; };
		2F8BF9462AF262B700D83090 /* CameraView+Modifier.swift in Sources */ = {isa = PBXBuildFile; fileRef = 2F8BF9452AF262B700D83090 /* CameraView+Modifier.swift */; };
		2F8BF9482AF266B700D83090 /* FacialDetectionModel .mlmodel in Sources */ = {isa = PBXBuildFile; fileRef = 2F8BF9472AF266B700D83090 /* FacialDetectionModel .mlmodel */; };
		2F8BF94A2AF3A10D00D83090 /* SuspectView.swift in Sources */ = {isa = PBXBuildFile; fileRef = 2F8BF9492AF3A10D00D83090 /* SuspectView.swift */; };
		2F8BF94D2AF3A29E00D83090 /* Kingfisher in Frameworks */ = {isa = PBXBuildFile; productRef = 2F8BF94C2AF3A29E00D83090 /* Kingfisher */; };
		2F8BF9502AF3A9DD00D83090 /* SuspectViewModel.swift in Sources */ = {isa = PBXBuildFile; fileRef = 2F8BF94F2AF3A9DD00D83090 /* SuspectViewModel.swift */; };
		2FD45F202AEE9C4200155840 /* MediaServiceProtocol.swift in Sources */ = {isa = PBXBuildFile; fileRef = 2FD45F1F2AEE9C4200155840 /* MediaServiceProtocol.swift */; };
		2FD45F232AEEB32000155840 /* ImageUploadView.swift in Sources */ = {isa = PBXBuildFile; fileRef = 2FD45F222AEEB32000155840 /* ImageUploadView.swift */; };
		2FD45F252AEF697E00155840 /* Video.swift in Sources */ = {isa = PBXBuildFile; fileRef = 2FD45F242AEF697E00155840 /* Video.swift */; };
		2FD45F282AEF755600155840 /* SuperResolutionViewModel.swift in Sources */ = {isa = PBXBuildFile; fileRef = 2FD45F272AEF755600155840 /* SuperResolutionViewModel.swift */; };
		2FD45F3A2AEF7C6900155840 /* SuperResolutionView.swift in Sources */ = {isa = PBXBuildFile; fileRef = 2FD45F392AEF7C6900155840 /* SuperResolutionView.swift */; };
		2FD45F402AEFA95700155840 /* SuperResolutionModel.mlmodel in Sources */ = {isa = PBXBuildFile; fileRef = 2FD45F3F2AEFA95700155840 /* SuperResolutionModel.mlmodel */; };
/* End PBXBuildFile section */

/* Begin PBXFileReference section */
		2F0180382A12321F00B9ADA7 /* GraduationProject.app */ = {isa = PBXFileReference; explicitFileType = wrapper.application; includeInIndex = 0; path = GraduationProject.app; sourceTree = BUILT_PRODUCTS_DIR; };
		2F01803B2A12321F00B9ADA7 /* GraduationProjectApp.swift */ = {isa = PBXFileReference; lastKnownFileType = sourcecode.swift; path = GraduationProjectApp.swift; sourceTree = "<group>"; };
		2F01803D2A12321F00B9ADA7 /* ContentView.swift */ = {isa = PBXFileReference; lastKnownFileType = sourcecode.swift; path = ContentView.swift; sourceTree = "<group>"; };
		2F01803F2A12322100B9ADA7 /* Assets.xcassets */ = {isa = PBXFileReference; lastKnownFileType = folder.assetcatalog; path = Assets.xcassets; sourceTree = "<group>"; };
		2F0180422A12322100B9ADA7 /* Preview Assets.xcassets */ = {isa = PBXFileReference; lastKnownFileType = folder.assetcatalog; path = "Preview Assets.xcassets"; sourceTree = "<group>"; };
		2F313B132A1C5F9F00F3C008 /* Image.swift */ = {isa = PBXFileReference; lastKnownFileType = sourcecode.swift; path = Image.swift; sourceTree = "<group>"; };
		2F4104802A151070009DEA8A /* GoogleService-Info.plist */ = {isa = PBXFileReference; fileEncoding = 4; lastKnownFileType = text.plist.xml; path = "GoogleService-Info.plist"; sourceTree = "<group>"; };
		2F41048A2A151282009DEA8A /* FirestoreService.swift */ = {isa = PBXFileReference; lastKnownFileType = sourcecode.swift; path = FirestoreService.swift; sourceTree = "<group>"; };
		2F42E4C12AEE8AB20061CB44 /* PoseEstimationModel.mlmodel */ = {isa = PBXFileReference; lastKnownFileType = file.mlmodel; path = PoseEstimationModel.mlmodel; sourceTree = "<group>"; };
		2F42E4C42AEE8AC20061CB44 /* CGPoint+Extension.swift */ = {isa = PBXFileReference; fileEncoding = 4; lastKnownFileType = sourcecode.swift; path = "CGPoint+Extension.swift"; sourceTree = "<group>"; };
		2F42E4C72AEE8AD60061CB44 /* PoseConstants.swift */ = {isa = PBXFileReference; fileEncoding = 4; lastKnownFileType = sourcecode.swift; path = PoseConstants.swift; sourceTree = "<group>"; };
		2F42E4CB2AEE8B0D0061CB44 /* CameraViewModel.swift */ = {isa = PBXFileReference; fileEncoding = 4; lastKnownFileType = sourcecode.swift; path = CameraViewModel.swift; sourceTree = "<group>"; };
		2F42E4CF2AEE8B0D0061CB44 /* DrawingJointView.swift */ = {isa = PBXFileReference; fileEncoding = 4; lastKnownFileType = sourcecode.swift; path = DrawingJointView.swift; sourceTree = "<group>"; };
		2F42E4D02AEE8B0D0061CB44 /* PoseEstimationView.swift */ = {isa = PBXFileReference; fileEncoding = 4; lastKnownFileType = sourcecode.swift; path = PoseEstimationView.swift; sourceTree = "<group>"; };
		2F42E4D12AEE8B0D0061CB44 /* PoseView.swift */ = {isa = PBXFileReference; fileEncoding = 4; lastKnownFileType = sourcecode.swift; path = PoseView.swift; sourceTree = "<group>"; };
		2F42E4D32AEE8B0D0061CB44 /* CameraUIViewController.swift */ = {isa = PBXFileReference; fileEncoding = 4; lastKnownFileType = sourcecode.swift; path = CameraUIViewController.swift; sourceTree = "<group>"; };
		2F42E4DA2AEE8F780061CB44 /* MediaService.swift */ = {isa = PBXFileReference; lastKnownFileType = sourcecode.swift; path = MediaService.swift; sourceTree = "<group>"; };
		2F42E4DD2AEE94B70061CB44 /* FirestoreServiceProtocol.swift */ = {isa = PBXFileReference; lastKnownFileType = sourcecode.swift; path = FirestoreServiceProtocol.swift; sourceTree = "<group>"; };
		2F48A2912A1772B400F586DA /* FirestoreViewModel.swift */ = {isa = PBXFileReference; lastKnownFileType = sourcecode.swift; path = FirestoreViewModel.swift; sourceTree = "<group>"; };
		2F75B1682A18A18F0024FCE9 /* MediaPicker.swift */ = {isa = PBXFileReference; fileEncoding = 4; lastKnownFileType = sourcecode.swift; path = MediaPicker.swift; sourceTree = "<group>"; };
		2F8BF9382AF162EB00D83090 /* FaceDetectionViewModel.swift */ = {isa = PBXFileReference; lastKnownFileType = sourcecode.swift; path = FaceDetectionViewModel.swift; sourceTree = "<group>"; };
		2F8BF93C2AF1637B00D83090 /* FaceDetectionView.swift */ = {isa = PBXFileReference; lastKnownFileType = sourcecode.swift; path = FaceDetectionView.swift; sourceTree = "<group>"; };
		2F8BF93E2AF1657200D83090 /* Info.plist */ = {isa = PBXFileReference; lastKnownFileType = text.plist; path = Info.plist; sourceTree = "<group>"; };
		2F8BF93F2AF17D1900D83090 /* CGRect+Extenstion.swift */ = {isa = PBXFileReference; lastKnownFileType = sourcecode.swift; path = "CGRect+Extenstion.swift"; sourceTree = "<group>"; };
		2F8BF9422AF221FE00D83090 /* FaceData.swift */ = {isa = PBXFileReference; lastKnownFileType = sourcecode.swift; path = FaceData.swift; sourceTree = "<group>"; };
		2F8BF9452AF262B700D83090 /* CameraView+Modifier.swift */ = {isa = PBXFileReference; lastKnownFileType = sourcecode.swift; path = "CameraView+Modifier.swift"; sourceTree = "<group>"; };
		2F8BF9472AF266B700D83090 /* FacialDetectionModel .mlmodel */ = {isa = PBXFileReference; lastKnownFileType = file.mlmodel; path = "FacialDetectionModel .mlmodel"; sourceTree = "<group>"; };
		2F8BF9492AF3A10D00D83090 /* SuspectView.swift */ = {isa = PBXFileReference; lastKnownFileType = sourcecode.swift; path = SuspectView.swift; sourceTree = "<group>"; };
		2F8BF94F2AF3A9DD00D83090 /* SuspectViewModel.swift */ = {isa = PBXFileReference; lastKnownFileType = sourcecode.swift; path = SuspectViewModel.swift; sourceTree = "<group>"; };
		2FD45F1F2AEE9C4200155840 /* MediaServiceProtocol.swift */ = {isa = PBXFileReference; lastKnownFileType = sourcecode.swift; path = MediaServiceProtocol.swift; sourceTree = "<group>"; };
		2FD45F222AEEB32000155840 /* ImageUploadView.swift */ = {isa = PBXFileReference; lastKnownFileType = sourcecode.swift; path = ImageUploadView.swift; sourceTree = "<group>"; };
		2FD45F242AEF697E00155840 /* Video.swift */ = {isa = PBXFileReference; lastKnownFileType = sourcecode.swift; path = Video.swift; sourceTree = "<group>"; };
		2FD45F272AEF755600155840 /* SuperResolutionViewModel.swift */ = {isa = PBXFileReference; lastKnownFileType = sourcecode.swift; path = SuperResolutionViewModel.swift; sourceTree = "<group>"; };
		2FD45F392AEF7C6900155840 /* SuperResolutionView.swift */ = {isa = PBXFileReference; lastKnownFileType = sourcecode.swift; path = SuperResolutionView.swift; sourceTree = "<group>"; };
		2FD45F3F2AEFA95700155840 /* SuperResolutionModel.mlmodel */ = {isa = PBXFileReference; lastKnownFileType = file.mlmodel; path = SuperResolutionModel.mlmodel; sourceTree = "<group>"; };
/* End PBXFileReference section */

/* Begin PBXFrameworksBuildPhase section */
		2F0180352A12321F00B9ADA7 /* Frameworks */ = {
			isa = PBXFrameworksBuildPhase;
			buildActionMask = 2147483647;
			files = (
				2F8BF94D2AF3A29E00D83090 /* Kingfisher in Frameworks */,
				2F4104842A15110B009DEA8A /* FirebaseAnalytics in Frameworks */,
				2F4104862A15110B009DEA8A /* FirebaseFirestore in Frameworks */,
				2F4104882A15110B009DEA8A /* FirebaseStorage in Frameworks */,
			);
			runOnlyForDeploymentPostprocessing = 0;
		};
/* End PBXFrameworksBuildPhase section */

/* Begin PBXGroup section */
		2F01802F2A12321F00B9ADA7 = {
			isa = PBXGroup;
			children = (
				2F01803A2A12321F00B9ADA7 /* GraduationProject */,
				2F0180392A12321F00B9ADA7 /* Products */,
			);
			sourceTree = "<group>";
		};
		2F0180392A12321F00B9ADA7 /* Products */ = {
			isa = PBXGroup;
			children = (
				2F0180382A12321F00B9ADA7 /* GraduationProject.app */,
			);
			name = Products;
			sourceTree = "<group>";
		};
		2F01803A2A12321F00B9ADA7 /* GraduationProject */ = {
			isa = PBXGroup;
			children = (
				2F8BF93E2AF1657200D83090 /* Info.plist */,
				2F4104802A151070009DEA8A /* GoogleService-Info.plist */,
				2F01803B2A12321F00B9ADA7 /* GraduationProjectApp.swift */,
				2F01803D2A12321F00B9ADA7 /* ContentView.swift */,
				2F8BF94E2AF3A9C600D83090 /* Suspect */,
				2F42E4C92AEE8B0D0061CB44 /* PoseEstimation */,
				2FD45F262AEF751500155840 /* SuperResolution */,
				2F8BF9352AF1621A00D83090 /* FacialRecognition */,
				2F4104892A151269009DEA8A /* Firebase */,
				2F75B1672A18A1710024FCE9 /* UIKit */,
				2F42E4C62AEE8AD60061CB44 /* Constants */,
				2F42E4C32AEE8AC20061CB44 /* Extensions */,
				2F8BF9442AF2629D00D83090 /* ViewModifier */,
				2F42E4C02AEE8AB20061CB44 /* CoreMLModel */,
				2F01803F2A12322100B9ADA7 /* Assets.xcassets */,
				2F0180412A12322100B9ADA7 /* Preview Content */,
			);
			path = GraduationProject;
			sourceTree = "<group>";
		};
		2F0180412A12322100B9ADA7 /* Preview Content */ = {
			isa = PBXGroup;
			children = (
				2F0180422A12322100B9ADA7 /* Preview Assets.xcassets */,
			);
			path = "Preview Content";
			sourceTree = "<group>";
		};
		2F4104892A151269009DEA8A /* Firebase */ = {
			isa = PBXGroup;
			children = (
				2F48A28C2A17725A00F586DA /* Model */,
				2F48A28D2A17726100F586DA /* ViewModel */,
				2FD45F212AEEB2F100155840 /* View */,
				2F48A28E2A17727200F586DA /* Service */,
				2F42E4DC2AEE94A00061CB44 /* Protocol */,
			);
			path = Firebase;
			sourceTree = "<group>";
		};
		2F42E4C02AEE8AB20061CB44 /* CoreMLModel */ = {
			isa = PBXGroup;
			children = (
				2F8BF9472AF266B700D83090 /* FacialDetectionModel .mlmodel */,
				2FD45F3F2AEFA95700155840 /* SuperResolutionModel.mlmodel */,
				2F42E4C12AEE8AB20061CB44 /* PoseEstimationModel.mlmodel */,
			);
			path = CoreMLModel;
			sourceTree = "<group>";
		};
		2F42E4C32AEE8AC20061CB44 /* Extensions */ = {
			isa = PBXGroup;
			children = (
				2F42E4C42AEE8AC20061CB44 /* CGPoint+Extension.swift */,
				2F8BF93F2AF17D1900D83090 /* CGRect+Extenstion.swift */,
			);
			path = Extensions;
			sourceTree = "<group>";
		};
		2F42E4C62AEE8AD60061CB44 /* Constants */ = {
			isa = PBXGroup;
			children = (
				2F42E4C72AEE8AD60061CB44 /* PoseConstants.swift */,
			);
			path = Constants;
			sourceTree = "<group>";
		};
		2F42E4C92AEE8B0D0061CB44 /* PoseEstimation */ = {
			isa = PBXGroup;
			children = (
				2F42E4CC2AEE8B0D0061CB44 /* Model */,
				2F42E4CA2AEE8B0D0061CB44 /* ViewModel */,
				2F42E4CE2AEE8B0D0061CB44 /* View */,
			);
			path = PoseEstimation;
			sourceTree = "<group>";
		};
		2F42E4CA2AEE8B0D0061CB44 /* ViewModel */ = {
			isa = PBXGroup;
			children = (
				2F42E4CB2AEE8B0D0061CB44 /* CameraViewModel.swift */,
			);
			path = ViewModel;
			sourceTree = "<group>";
		};
		2F42E4CC2AEE8B0D0061CB44 /* Model */ = {
			isa = PBXGroup;
			children = (
			);
			path = Model;
			sourceTree = "<group>";
		};
		2F42E4CE2AEE8B0D0061CB44 /* View */ = {
			isa = PBXGroup;
			children = (
				2F42E4CF2AEE8B0D0061CB44 /* DrawingJointView.swift */,
				2F42E4D02AEE8B0D0061CB44 /* PoseEstimationView.swift */,
				2F42E4D12AEE8B0D0061CB44 /* PoseView.swift */,
				2F42E4D22AEE8B0D0061CB44 /* ViewController */,
			);
			path = View;
			sourceTree = "<group>";
		};
		2F42E4D22AEE8B0D0061CB44 /* ViewController */ = {
			isa = PBXGroup;
			children = (
				2F42E4D32AEE8B0D0061CB44 /* CameraUIViewController.swift */,
			);
			path = ViewController;
			sourceTree = "<group>";
		};
		2F42E4DC2AEE94A00061CB44 /* Protocol */ = {
			isa = PBXGroup;
			children = (
				2F42E4DD2AEE94B70061CB44 /* FirestoreServiceProtocol.swift */,
				2FD45F1F2AEE9C4200155840 /* MediaServiceProtocol.swift */,
			);
			path = Protocol;
			sourceTree = "<group>";
		};
		2F48A28C2A17725A00F586DA /* Model */ = {
			isa = PBXGroup;
			children = (
				2F313B132A1C5F9F00F3C008 /* Image.swift */,
				2FD45F242AEF697E00155840 /* Video.swift */,
			);
			path = Model;
			sourceTree = "<group>";
		};
		2F48A28D2A17726100F586DA /* ViewModel */ = {
			isa = PBXGroup;
			children = (
				2F48A2912A1772B400F586DA /* FirestoreViewModel.swift */,
			);
			path = ViewModel;
			sourceTree = "<group>";
		};
		2F48A28E2A17727200F586DA /* Service */ = {
			isa = PBXGroup;
			children = (
				2F41048A2A151282009DEA8A /* FirestoreService.swift */,
				2F42E4DA2AEE8F780061CB44 /* MediaService.swift */,
			);
			path = Service;
			sourceTree = "<group>";
		};
		2F75B1672A18A1710024FCE9 /* UIKit */ = {
			isa = PBXGroup;
			children = (
				2F75B1682A18A18F0024FCE9 /* MediaPicker.swift */,
			);
			path = UIKit;
			sourceTree = "<group>";
		};
		2F8BF9352AF1621A00D83090 /* FacialRecognition */ = {
			isa = PBXGroup;
			children = (
				2F8BF9412AF221F300D83090 /* Model */,
				2F8BF9372AF1624B00D83090 /* ViewModel */,
				2F8BF9362AF1624500D83090 /* View */,
			);
			path = FacialRecognition;
			sourceTree = "<group>";
		};
		2F8BF9362AF1624500D83090 /* View */ = {
			isa = PBXGroup;
			children = (
				2F8BF93C2AF1637B00D83090 /* FaceDetectionView.swift */,
			);
			path = View;
			sourceTree = "<group>";
		};
		2F8BF9372AF1624B00D83090 /* ViewModel */ = {
			isa = PBXGroup;
			children = (
				2F8BF9382AF162EB00D83090 /* FaceDetectionViewModel.swift */,
			);
			path = ViewModel;
			sourceTree = "<group>";
		};
		2F8BF9412AF221F300D83090 /* Model */ = {
			isa = PBXGroup;
			children = (
				2F8BF9422AF221FE00D83090 /* FaceData.swift */,
			);
			path = Model;
			sourceTree = "<group>";
		};
		2F8BF9442AF2629D00D83090 /* ViewModifier */ = {
			isa = PBXGroup;
			children = (
				2F8BF9452AF262B700D83090 /* CameraView+Modifier.swift */,
			);
			path = ViewModifier;
			sourceTree = "<group>";
		};
		2F8BF94E2AF3A9C600D83090 /* Suspect */ = {
			isa = PBXGroup;
			children = (
				2F8BF9492AF3A10D00D83090 /* SuspectView.swift */,
				2F8BF94F2AF3A9DD00D83090 /* SuspectViewModel.swift */,
			);
			path = Suspect;
			sourceTree = "<group>";
		};
		2FD45F212AEEB2F100155840 /* View */ = {
			isa = PBXGroup;
			children = (
				2FD45F222AEEB32000155840 /* ImageUploadView.swift */,
			);
			path = View;
			sourceTree = "<group>";
		};
		2FD45F262AEF751500155840 /* SuperResolution */ = {
			isa = PBXGroup;
			children = (
				2FD45F372AEF7C4700155840 /* ViewModel */,
				2FD45F382AEF7C4C00155840 /* View */,
			);
			path = SuperResolution;
			sourceTree = "<group>";
		};
		2FD45F372AEF7C4700155840 /* ViewModel */ = {
			isa = PBXGroup;
			children = (
				2FD45F272AEF755600155840 /* SuperResolutionViewModel.swift */,
			);
			path = ViewModel;
			sourceTree = "<group>";
		};
		2FD45F382AEF7C4C00155840 /* View */ = {
			isa = PBXGroup;
			children = (
				2FD45F392AEF7C6900155840 /* SuperResolutionView.swift */,
			);
			path = View;
			sourceTree = "<group>";
		};
/* End PBXGroup section */

/* Begin PBXNativeTarget section */
		2F0180372A12321F00B9ADA7 /* GraduationProject */ = {
			isa = PBXNativeTarget;
			buildConfigurationList = 2F0180462A12322100B9ADA7 /* Build configuration list for PBXNativeTarget "GraduationProject" */;
			buildPhases = (
				2F0180342A12321F00B9ADA7 /* Sources */,
				2F0180352A12321F00B9ADA7 /* Frameworks */,
				2F0180362A12321F00B9ADA7 /* Resources */,
			);
			buildRules = (
			);
			dependencies = (
			);
			name = GraduationProject;
			packageProductDependencies = (
				2F4104832A15110B009DEA8A /* FirebaseAnalytics */,
				2F4104852A15110B009DEA8A /* FirebaseFirestore */,
				2F4104872A15110B009DEA8A /* FirebaseStorage */,
				2F8BF94C2AF3A29E00D83090 /* Kingfisher */,
			);
			productName = GraduationProject;
			productReference = 2F0180382A12321F00B9ADA7 /* GraduationProject.app */;
			productType = "com.apple.product-type.application";
		};
/* End PBXNativeTarget section */

/* Begin PBXProject section */
		2F0180302A12321F00B9ADA7 /* Project object */ = {
			isa = PBXProject;
			attributes = {
				BuildIndependentTargetsInParallel = 1;
				LastSwiftUpdateCheck = 1430;
				LastUpgradeCheck = 1430;
				TargetAttributes = {
					2F0180372A12321F00B9ADA7 = {
						CreatedOnToolsVersion = 14.3;
					};
				};
			};
			buildConfigurationList = 2F0180332A12321F00B9ADA7 /* Build configuration list for PBXProject "GraduationProject" */;
			compatibilityVersion = "Xcode 14.0";
			developmentRegion = en;
			hasScannedForEncodings = 0;
			knownRegions = (
				en,
				Base,
			);
			mainGroup = 2F01802F2A12321F00B9ADA7;
			packageReferences = (
				2F4104822A15110B009DEA8A /* XCRemoteSwiftPackageReference "firebase-ios-sdk" */,
				2F8BF94B2AF3A29E00D83090 /* XCRemoteSwiftPackageReference "Kingfisher" */,
			);
			productRefGroup = 2F0180392A12321F00B9ADA7 /* Products */;
			projectDirPath = "";
			projectRoot = "";
			targets = (
				2F0180372A12321F00B9ADA7 /* GraduationProject */,
			);
		};
/* End PBXProject section */

/* Begin PBXResourcesBuildPhase section */
		2F0180362A12321F00B9ADA7 /* Resources */ = {
			isa = PBXResourcesBuildPhase;
			buildActionMask = 2147483647;
			files = (
				2F0180432A12322100B9ADA7 /* Preview Assets.xcassets in Resources */,
				2F4104812A151070009DEA8A /* GoogleService-Info.plist in Resources */,
				2F0180402A12322100B9ADA7 /* Assets.xcassets in Resources */,
			);
			runOnlyForDeploymentPostprocessing = 0;
		};
/* End PBXResourcesBuildPhase section */

/* Begin PBXSourcesBuildPhase section */
		2F0180342A12321F00B9ADA7 /* Sources */ = {
			isa = PBXSourcesBuildPhase;
			buildActionMask = 2147483647;
			files = (
				2F42E4C22AEE8AB20061CB44 /* PoseEstimationModel.mlmodel in Sources */,
				2F313B142A1C5F9F00F3C008 /* Image.swift in Sources */,
				2F41048B2A151282009DEA8A /* FirestoreService.swift in Sources */,
				2FD45F282AEF755600155840 /* SuperResolutionViewModel.swift in Sources */,
				2F8BF9462AF262B700D83090 /* CameraView+Modifier.swift in Sources */,
				2F8BF9432AF221FE00D83090 /* FaceData.swift in Sources */,
				2F42E4C82AEE8AD60061CB44 /* PoseConstants.swift in Sources */,
				2F42E4DE2AEE94B70061CB44 /* FirestoreServiceProtocol.swift in Sources */,
				2F42E4D72AEE8B0D0061CB44 /* PoseEstimationView.swift in Sources */,
				2F42E4D82AEE8B0D0061CB44 /* PoseView.swift in Sources */,
				2F8BF9402AF17D1900D83090 /* CGRect+Extenstion.swift in Sources */,
				2F01803E2A12321F00B9ADA7 /* ContentView.swift in Sources */,
				2F01803C2A12321F00B9ADA7 /* GraduationProjectApp.swift in Sources */,
				2FD45F232AEEB32000155840 /* ImageUploadView.swift in Sources */,
				2F42E4D42AEE8B0D0061CB44 /* CameraViewModel.swift in Sources */,
				2F75B1692A18A18F0024FCE9 /* MediaPicker.swift in Sources */,
				2F42E4D62AEE8B0D0061CB44 /* DrawingJointView.swift in Sources */,
				2F8BF94A2AF3A10D00D83090 /* SuspectView.swift in Sources */,
				2FD45F202AEE9C4200155840 /* MediaServiceProtocol.swift in Sources */,
				2FD45F402AEFA95700155840 /* SuperResolutionModel.mlmodel in Sources */,
				2F42E4DB2AEE8F780061CB44 /* MediaService.swift in Sources */,
				2F8BF93D2AF1637B00D83090 /* FaceDetectionView.swift in Sources */,
				2F8BF9482AF266B700D83090 /* FacialDetectionModel .mlmodel in Sources */,
				2FD45F3A2AEF7C6900155840 /* SuperResolutionView.swift in Sources */,
				2F8BF9502AF3A9DD00D83090 /* SuspectViewModel.swift in Sources */,
				2FD45F252AEF697E00155840 /* Video.swift in Sources */,
				2F42E4D92AEE8B0D0061CB44 /* CameraUIViewController.swift in Sources */,
				2F8BF9392AF162EB00D83090 /* FaceDetectionViewModel.swift in Sources */,
				2F48A2922A1772B400F586DA /* FirestoreViewModel.swift in Sources */,
				2F42E4C52AEE8AC20061CB44 /* CGPoint+Extension.swift in Sources */,
			);
			runOnlyForDeploymentPostprocessing = 0;
		};
/* End PBXSourcesBuildPhase section */

/* Begin XCBuildConfiguration section */
		2F0180442A12322100B9ADA7 /* Debug */ = {
			isa = XCBuildConfiguration;
			buildSettings = {
				ALWAYS_SEARCH_USER_PATHS = NO;
				CLANG_ANALYZER_NONNULL = YES;
				CLANG_ANALYZER_NUMBER_OBJECT_CONVERSION = YES_AGGRESSIVE;
				CLANG_CXX_LANGUAGE_STANDARD = "gnu++20";
				CLANG_ENABLE_MODULES = YES;
				CLANG_ENABLE_OBJC_ARC = YES;
				CLANG_ENABLE_OBJC_WEAK = YES;
				CLANG_WARN_BLOCK_CAPTURE_AUTORELEASING = YES;
				CLANG_WARN_BOOL_CONVERSION = YES;
				CLANG_WARN_COMMA = YES;
				CLANG_WARN_CONSTANT_CONVERSION = YES;
				CLANG_WARN_DEPRECATED_OBJC_IMPLEMENTATIONS = YES;
				CLANG_WARN_DIRECT_OBJC_ISA_USAGE = YES_ERROR;
				CLANG_WARN_DOCUMENTATION_COMMENTS = YES;
				CLANG_WARN_EMPTY_BODY = YES;
				CLANG_WARN_ENUM_CONVERSION = YES;
				CLANG_WARN_INFINITE_RECURSION = YES;
				CLANG_WARN_INT_CONVERSION = YES;
				CLANG_WARN_NON_LITERAL_NULL_CONVERSION = YES;
				CLANG_WARN_OBJC_IMPLICIT_RETAIN_SELF = YES;
				CLANG_WARN_OBJC_LITERAL_CONVERSION = YES;
				CLANG_WARN_OBJC_ROOT_CLASS = YES_ERROR;
				CLANG_WARN_QUOTED_INCLUDE_IN_FRAMEWORK_HEADER = YES;
				CLANG_WARN_RANGE_LOOP_ANALYSIS = YES;
				CLANG_WARN_STRICT_PROTOTYPES = YES;
				CLANG_WARN_SUSPICIOUS_MOVE = YES;
				CLANG_WARN_UNGUARDED_AVAILABILITY = YES_AGGRESSIVE;
				CLANG_WARN_UNREACHABLE_CODE = YES;
				CLANG_WARN__DUPLICATE_METHOD_MATCH = YES;
				COPY_PHASE_STRIP = NO;
				DEBUG_INFORMATION_FORMAT = dwarf;
				ENABLE_STRICT_OBJC_MSGSEND = YES;
				ENABLE_TESTABILITY = YES;
				GCC_C_LANGUAGE_STANDARD = gnu11;
				GCC_DYNAMIC_NO_PIC = NO;
				GCC_NO_COMMON_BLOCKS = YES;
				GCC_OPTIMIZATION_LEVEL = 0;
				GCC_PREPROCESSOR_DEFINITIONS = (
					"DEBUG=1",
					"$(inherited)",
				);
				GCC_WARN_64_TO_32_BIT_CONVERSION = YES;
				GCC_WARN_ABOUT_RETURN_TYPE = YES_ERROR;
				GCC_WARN_UNDECLARED_SELECTOR = YES;
				GCC_WARN_UNINITIALIZED_AUTOS = YES_AGGRESSIVE;
				GCC_WARN_UNUSED_FUNCTION = YES;
				GCC_WARN_UNUSED_VARIABLE = YES;
				IPHONEOS_DEPLOYMENT_TARGET = 16.0;
				MTL_ENABLE_DEBUG_INFO = INCLUDE_SOURCE;
				MTL_FAST_MATH = YES;
				ONLY_ACTIVE_ARCH = YES;
				SDKROOT = iphoneos;
				SWIFT_ACTIVE_COMPILATION_CONDITIONS = DEBUG;
				SWIFT_OPTIMIZATION_LEVEL = "-Onone";
			};
			name = Debug;
		};
		2F0180452A12322100B9ADA7 /* Release */ = {
			isa = XCBuildConfiguration;
			buildSettings = {
				ALWAYS_SEARCH_USER_PATHS = NO;
				CLANG_ANALYZER_NONNULL = YES;
				CLANG_ANALYZER_NUMBER_OBJECT_CONVERSION = YES_AGGRESSIVE;
				CLANG_CXX_LANGUAGE_STANDARD = "gnu++20";
				CLANG_ENABLE_MODULES = YES;
				CLANG_ENABLE_OBJC_ARC = YES;
				CLANG_ENABLE_OBJC_WEAK = YES;
				CLANG_WARN_BLOCK_CAPTURE_AUTORELEASING = YES;
				CLANG_WARN_BOOL_CONVERSION = YES;
				CLANG_WARN_COMMA = YES;
				CLANG_WARN_CONSTANT_CONVERSION = YES;
				CLANG_WARN_DEPRECATED_OBJC_IMPLEMENTATIONS = YES;
				CLANG_WARN_DIRECT_OBJC_ISA_USAGE = YES_ERROR;
				CLANG_WARN_DOCUMENTATION_COMMENTS = YES;
				CLANG_WARN_EMPTY_BODY = YES;
				CLANG_WARN_ENUM_CONVERSION = YES;
				CLANG_WARN_INFINITE_RECURSION = YES;
				CLANG_WARN_INT_CONVERSION = YES;
				CLANG_WARN_NON_LITERAL_NULL_CONVERSION = YES;
				CLANG_WARN_OBJC_IMPLICIT_RETAIN_SELF = YES;
				CLANG_WARN_OBJC_LITERAL_CONVERSION = YES;
				CLANG_WARN_OBJC_ROOT_CLASS = YES_ERROR;
				CLANG_WARN_QUOTED_INCLUDE_IN_FRAMEWORK_HEADER = YES;
				CLANG_WARN_RANGE_LOOP_ANALYSIS = YES;
				CLANG_WARN_STRICT_PROTOTYPES = YES;
				CLANG_WARN_SUSPICIOUS_MOVE = YES;
				CLANG_WARN_UNGUARDED_AVAILABILITY = YES_AGGRESSIVE;
				CLANG_WARN_UNREACHABLE_CODE = YES;
				CLANG_WARN__DUPLICATE_METHOD_MATCH = YES;
				COPY_PHASE_STRIP = NO;
				DEBUG_INFORMATION_FORMAT = "dwarf-with-dsym";
				ENABLE_NS_ASSERTIONS = NO;
				ENABLE_STRICT_OBJC_MSGSEND = YES;
				GCC_C_LANGUAGE_STANDARD = gnu11;
				GCC_NO_COMMON_BLOCKS = YES;
				GCC_WARN_64_TO_32_BIT_CONVERSION = YES;
				GCC_WARN_ABOUT_RETURN_TYPE = YES_ERROR;
				GCC_WARN_UNDECLARED_SELECTOR = YES;
				GCC_WARN_UNINITIALIZED_AUTOS = YES_AGGRESSIVE;
				GCC_WARN_UNUSED_FUNCTION = YES;
				GCC_WARN_UNUSED_VARIABLE = YES;
				IPHONEOS_DEPLOYMENT_TARGET = 16.0;
				MTL_ENABLE_DEBUG_INFO = NO;
				MTL_FAST_MATH = YES;
				SDKROOT = iphoneos;
				SWIFT_COMPILATION_MODE = wholemodule;
				SWIFT_OPTIMIZATION_LEVEL = "-O";
				VALIDATE_PRODUCT = YES;
			};
			name = Release;
		};
		2F0180472A12322100B9ADA7 /* Debug */ = {
			isa = XCBuildConfiguration;
			buildSettings = {
				ASSETCATALOG_COMPILER_APPICON_NAME = AppIcon;
				ASSETCATALOG_COMPILER_GLOBAL_ACCENT_COLOR_NAME = AccentColor;
				CODE_SIGN_STYLE = Automatic;
				CURRENT_PROJECT_VERSION = 1;
				DEVELOPMENT_ASSET_PATHS = "\"GraduationProject/Preview Content\"";
				DEVELOPMENT_TEAM = 46U3CJ7CE5;
				ENABLE_PREVIEWS = YES;
				GENERATE_INFOPLIST_FILE = YES;
				INFOPLIST_FILE = GraduationProject/Info.plist;
				INFOPLIST_KEY_NSCameraUsageDescription = "App needs access to the device's camera to provide Pose Estimation feature";
				INFOPLIST_KEY_NSPhotoLibraryUsageDescription = "Agree the photo libary usage inorder to upload the photo";
				INFOPLIST_KEY_UIApplicationSceneManifest_Generation = YES;
				INFOPLIST_KEY_UIApplicationSupportsIndirectInputEvents = YES;
				INFOPLIST_KEY_UILaunchScreen_Generation = YES;
				INFOPLIST_KEY_UISupportedInterfaceOrientations_iPad = "UIInterfaceOrientationPortrait UIInterfaceOrientationPortraitUpsideDown UIInterfaceOrientationLandscapeLeft UIInterfaceOrientationLandscapeRight";
				INFOPLIST_KEY_UISupportedInterfaceOrientations_iPhone = "UIInterfaceOrientationPortrait UIInterfaceOrientationLandscapeLeft UIInterfaceOrientationLandscapeRight";
				IPHONEOS_DEPLOYMENT_TARGET = 16.0;
				LD_RUNPATH_SEARCH_PATHS = (
					"$(inherited)",
					"@executable_path/Frameworks",
				);
				MARKETING_VERSION = 1.0;
				PRODUCT_BUNDLE_IDENTIFIER = Kr1s.GraduationProject;
				PRODUCT_NAME = "$(TARGET_NAME)";
				SWIFT_EMIT_LOC_STRINGS = YES;
				SWIFT_VERSION = 5.0;
				TARGETED_DEVICE_FAMILY = "1,2";
			};
			name = Debug;
		};
		2F0180482A12322100B9ADA7 /* Release */ = {
			isa = XCBuildConfiguration;
			buildSettings = {
				ASSETCATALOG_COMPILER_APPICON_NAME = AppIcon;
				ASSETCATALOG_COMPILER_GLOBAL_ACCENT_COLOR_NAME = AccentColor;
				CODE_SIGN_STYLE = Automatic;
				CURRENT_PROJECT_VERSION = 1;
				DEVELOPMENT_ASSET_PATHS = "\"GraduationProject/Preview Content\"";
				DEVELOPMENT_TEAM = 46U3CJ7CE5;
				ENABLE_PREVIEWS = YES;
				GENERATE_INFOPLIST_FILE = YES;
				INFOPLIST_FILE = GraduationProject/Info.plist;
				INFOPLIST_KEY_NSCameraUsageDescription = "App needs access to the device's camera to provide Pose Estimation feature";
				INFOPLIST_KEY_NSPhotoLibraryUsageDescription = "Agree the photo libary usage inorder to upload the photo";
				INFOPLIST_KEY_UIApplicationSceneManifest_Generation = YES;
				INFOPLIST_KEY_UIApplicationSupportsIndirectInputEvents = YES;
				INFOPLIST_KEY_UILaunchScreen_Generation = YES;
				INFOPLIST_KEY_UISupportedInterfaceOrientations_iPad = "UIInterfaceOrientationPortrait UIInterfaceOrientationPortraitUpsideDown UIInterfaceOrientationLandscapeLeft UIInterfaceOrientationLandscapeRight";
				INFOPLIST_KEY_UISupportedInterfaceOrientations_iPhone = "UIInterfaceOrientationPortrait UIInterfaceOrientationLandscapeLeft UIInterfaceOrientationLandscapeRight";
				IPHONEOS_DEPLOYMENT_TARGET = 16.0;
				LD_RUNPATH_SEARCH_PATHS = (
					"$(inherited)",
					"@executable_path/Frameworks",
				);
				MARKETING_VERSION = 1.0;
				PRODUCT_BUNDLE_IDENTIFIER = Kr1s.GraduationProject;
				PRODUCT_NAME = "$(TARGET_NAME)";
				SWIFT_EMIT_LOC_STRINGS = YES;
				SWIFT_VERSION = 5.0;
				TARGETED_DEVICE_FAMILY = "1,2";
			};
			name = Release;
		};
/* End XCBuildConfiguration section */

/* Begin XCConfigurationList section */
		2F0180332A12321F00B9ADA7 /* Build configuration list for PBXProject "GraduationProject" */ = {
			isa = XCConfigurationList;
			buildConfigurations = (
				2F0180442A12322100B9ADA7 /* Debug */,
				2F0180452A12322100B9ADA7 /* Release */,
			);
			defaultConfigurationIsVisible = 0;
			defaultConfigurationName = Release;
		};
		2F0180462A12322100B9ADA7 /* Build configuration list for PBXNativeTarget "GraduationProject" */ = {
			isa = XCConfigurationList;
			buildConfigurations = (
				2F0180472A12322100B9ADA7 /* Debug */,
				2F0180482A12322100B9ADA7 /* Release */,
			);
			defaultConfigurationIsVisible = 0;
			defaultConfigurationName = Release;
		};
/* End XCConfigurationList section */

/* Begin XCRemoteSwiftPackageReference section */
		2F4104822A15110B009DEA8A /* XCRemoteSwiftPackageReference "firebase-ios-sdk" */ = {
			isa = XCRemoteSwiftPackageReference;
			repositoryURL = "https://github.com/firebase/firebase-ios-sdk.git";
			requirement = {
				kind = upToNextMajorVersion;
				minimumVersion = 10.16.0;
			};
		};
		2F8BF94B2AF3A29E00D83090 /* XCRemoteSwiftPackageReference "Kingfisher" */ = {
			isa = XCRemoteSwiftPackageReference;
			repositoryURL = "https://github.com/onevcat/Kingfisher.git";
			requirement = {
				kind = upToNextMajorVersion;
				minimumVersion = 7.0.0;
			};
		};
/* End XCRemoteSwiftPackageReference section */

/* Begin XCSwiftPackageProductDependency section */
		2F4104832A15110B009DEA8A /* FirebaseAnalytics */ = {
			isa = XCSwiftPackageProductDependency;
			package = 2F4104822A15110B009DEA8A /* XCRemoteSwiftPackageReference "firebase-ios-sdk" */;
			productName = FirebaseAnalytics;
		};
		2F4104852A15110B009DEA8A /* FirebaseFirestore */ = {
			isa = XCSwiftPackageProductDependency;
			package = 2F4104822A15110B009DEA8A /* XCRemoteSwiftPackageReference "firebase-ios-sdk" */;
			productName = FirebaseFirestore;
		};
		2F4104872A15110B009DEA8A /* FirebaseStorage */ = {
			isa = XCSwiftPackageProductDependency;
			package = 2F4104822A15110B009DEA8A /* XCRemoteSwiftPackageReference "firebase-ios-sdk" */;
			productName = FirebaseStorage;
		};
		2F8BF94C2AF3A29E00D83090 /* Kingfisher */ = {
			isa = XCSwiftPackageProductDependency;
			package = 2F8BF94B2AF3A29E00D83090 /* XCRemoteSwiftPackageReference "Kingfisher" */;
			productName = Kingfisher;
		};
/* End XCSwiftPackageProductDependency section */
	};
	rootObject = 2F0180302A12321F00B9ADA7 /* Project object */;
}
